// !$*UTF8*$!
{
	archiveVersion = 1;
	classes = {
	};
	objectVersion = 46;
	objects = {

/* Begin PBXBuildFile section */
		FA0AF71C1C4989D20020CBAC /* TSNoteClass.swift in Sources */ = {isa = PBXBuildFile; fileRef = FA0AF71B1C4989D20020CBAC /* TSNoteClass.swift */; };
		FA3F5B491BF0857600A7804C /* TSNoteEntriesTableCell.swift in Sources */ = {isa = PBXBuildFile; fileRef = FA3F5B481BF0857600A7804C /* TSNoteEntriesTableCell.swift */; };
		FA6A71181BFF13C0000525FF /* NoteListTableSelectionDelegate.swift in Sources */ = {isa = PBXBuildFile; fileRef = FA6A71171BFF13C0000525FF /* NoteListTableSelectionDelegate.swift */; };
		FA6D27FF1BEDA80100768930 /* NoteBaseTableController.swift in Sources */ = {isa = PBXBuildFile; fileRef = FA6D27FE1BEDA80100768930 /* NoteBaseTableController.swift */; };
		FA73889C1BF5703B00758E68 /* noteEntriesTableViewController.swift in Sources */ = {isa = PBXBuildFile; fileRef = FA73889B1BF5703B00758E68 /* noteEntriesTableViewController.swift */; };
		FA7CE5D61BF2C971008FD365 /* TitleEntryViewController.swift in Sources */ = {isa = PBXBuildFile; fileRef = FA7CE5D51BF2C971008FD365 /* TitleEntryViewController.swift */; };
		FAA701341BDB171E0013EFF7 /* AppDelegate.swift in Sources */ = {isa = PBXBuildFile; fileRef = FAA701331BDB171E0013EFF7 /* AppDelegate.swift */; };
		FAA701361BDB171E0013EFF7 /* ViewController.swift in Sources */ = {isa = PBXBuildFile; fileRef = FAA701351BDB171E0013EFF7 /* ViewController.swift */; };
		FAA701391BDB171E0013EFF7 /* Main.storyboard in Resources */ = {isa = PBXBuildFile; fileRef = FAA701371BDB171E0013EFF7 /* Main.storyboard */; };
		FAA7013B1BDB171E0013EFF7 /* Assets.xcassets in Resources */ = {isa = PBXBuildFile; fileRef = FAA7013A1BDB171E0013EFF7 /* Assets.xcassets */; };
		FAA7013E1BDB171E0013EFF7 /* LaunchScreen.storyboard in Resources */ = {isa = PBXBuildFile; fileRef = FAA7013C1BDB171E0013EFF7 /* LaunchScreen.storyboard */; };
		FAA701491BDB171E0013EFF7 /* TSNotesTests.swift in Sources */ = {isa = PBXBuildFile; fileRef = FAA701481BDB171E0013EFF7 /* TSNotesTests.swift */; };
		FACAAA8F1C14BEC900087077 /* noteItemsData.swift in Sources */ = {isa = PBXBuildFile; fileRef = FACAAA8E1C14BEC900087077 /* noteItemsData.swift */; };
		FACAAA911C15070E00087077 /* notesListData.swift in Sources */ = {isa = PBXBuildFile; fileRef = FACAAA901C15070E00087077 /* notesListData.swift */; };
		FACAAA931C15075600087077 /* TSNoteBaseClass.swift in Sources */ = {isa = PBXBuildFile; fileRef = FACAAA921C15075600087077 /* TSNoteBaseClass.swift */; };
		FAD2061E1C3D25ED00A045E5 /* noteEntryViewController.swift in Sources */ = {isa = PBXBuildFile; fileRef = FAD2061D1C3D25ED00A045E5 /* noteEntryViewController.swift */; };
		FAE72BC51BE043B20053F50E /* handleDatePickerTableViewController.swift in Sources */ = {isa = PBXBuildFile; fileRef = FAE72BC41BE043B20053F50E /* handleDatePickerTableViewController.swift */; };
		FAE9229D1BF34315001E37FD /* noteListTableViewCell.swift in Sources */ = {isa = PBXBuildFile; fileRef = FAE9229C1BF34315001E37FD /* noteListTableViewCell.swift */; };
		FAE9447A1C48D885003CFFB8 /* TSNotesDataModel.xcdatamodeld in Sources */ = {isa = PBXBuildFile; fileRef = FAE944781C48D885003CFFB8 /* TSNotesDataModel.xcdatamodeld */; };
/* End PBXBuildFile section */

/* Begin PBXContainerItemProxy section */
		FAA701451BDB171E0013EFF7 /* PBXContainerItemProxy */ = {
			isa = PBXContainerItemProxy;
			containerPortal = FAA701281BDB171E0013EFF7 /* Project object */;
			proxyType = 1;
			remoteGlobalIDString = FAA7012F1BDB171E0013EFF7;
			remoteInfo = TSNotes;
		};
/* End PBXContainerItemProxy section */

/* Begin PBXFileReference section */
		FA0AF71B1C4989D20020CBAC /* TSNoteClass.swift */ = {isa = PBXFileReference; fileEncoding = 4; lastKnownFileType = sourcecode.swift; name = TSNoteClass.swift; path = ../TSNoteClass.swift; sourceTree = "<group>"; };
		FA3F5B481BF0857600A7804C /* TSNoteEntriesTableCell.swift */ = {isa = PBXFileReference; fileEncoding = 4; lastKnownFileType = sourcecode.swift; path = TSNoteEntriesTableCell.swift; sourceTree = "<group>"; };
		FA6A71171BFF13C0000525FF /* NoteListTableSelectionDelegate.swift */ = {isa = PBXFileReference; fileEncoding = 4; lastKnownFileType = sourcecode.swift; path = NoteListTableSelectionDelegate.swift; sourceTree = "<group>"; };
		FA6D27FE1BEDA80100768930 /* NoteBaseTableController.swift */ = {isa = PBXFileReference; fileEncoding = 4; lastKnownFileType = sourcecode.swift; path = NoteBaseTableController.swift; sourceTree = "<group>"; };
		FA73889B1BF5703B00758E68 /* noteEntriesTableViewController.swift */ = {isa = PBXFileReference; fileEncoding = 4; lastKnownFileType = sourcecode.swift; name = noteEntriesTableViewController.swift; path = ../noteEntriesTableViewController.swift; sourceTree = "<group>"; };
		FA7CE5D51BF2C971008FD365 /* TitleEntryViewController.swift */ = {isa = PBXFileReference; fileEncoding = 4; lastKnownFileType = sourcecode.swift; path = TitleEntryViewController.swift; sourceTree = "<group>"; };
		FAA701301BDB171E0013EFF7 /* TSNotes.app */ = {isa = PBXFileReference; explicitFileType = wrapper.application; includeInIndex = 0; path = TSNotes.app; sourceTree = BUILT_PRODUCTS_DIR; };
		FAA701331BDB171E0013EFF7 /* AppDelegate.swift */ = {isa = PBXFileReference; lastKnownFileType = sourcecode.swift; path = AppDelegate.swift; sourceTree = "<group>"; };
		FAA701351BDB171E0013EFF7 /* ViewController.swift */ = {isa = PBXFileReference; lastKnownFileType = sourcecode.swift; path = ViewController.swift; sourceTree = "<group>"; };
		FAA701381BDB171E0013EFF7 /* Base */ = {isa = PBXFileReference; lastKnownFileType = file.storyboard; name = Base; path = Base.lproj/Main.storyboard; sourceTree = "<group>"; };
		FAA7013A1BDB171E0013EFF7 /* Assets.xcassets */ = {isa = PBXFileReference; lastKnownFileType = folder.assetcatalog; path = Assets.xcassets; sourceTree = "<group>"; };
		FAA7013D1BDB171E0013EFF7 /* Base */ = {isa = PBXFileReference; lastKnownFileType = file.storyboard; name = Base; path = Base.lproj/LaunchScreen.storyboard; sourceTree = "<group>"; };
		FAA7013F1BDB171E0013EFF7 /* Info.plist */ = {isa = PBXFileReference; lastKnownFileType = text.plist.xml; path = Info.plist; sourceTree = "<group>"; };
		FAA701441BDB171E0013EFF7 /* TSNotesTests.xctest */ = {isa = PBXFileReference; explicitFileType = wrapper.cfbundle; includeInIndex = 0; path = TSNotesTests.xctest; sourceTree = BUILT_PRODUCTS_DIR; };
		FAA701481BDB171E0013EFF7 /* TSNotesTests.swift */ = {isa = PBXFileReference; lastKnownFileType = sourcecode.swift; path = TSNotesTests.swift; sourceTree = "<group>"; };
		FAA7014A1BDB171E0013EFF7 /* Info.plist */ = {isa = PBXFileReference; lastKnownFileType = text.plist.xml; path = Info.plist; sourceTree = "<group>"; };
		FACAAA8E1C14BEC900087077 /* noteItemsData.swift */ = {isa = PBXFileReference; fileEncoding = 4; lastKnownFileType = sourcecode.swift; path = noteItemsData.swift; sourceTree = "<group>"; };
		FACAAA901C15070E00087077 /* notesListData.swift */ = {isa = PBXFileReference; fileEncoding = 4; lastKnownFileType = sourcecode.swift; path = notesListData.swift; sourceTree = "<group>"; };
		FACAAA921C15075600087077 /* TSNoteBaseClass.swift */ = {isa = PBXFileReference; fileEncoding = 4; lastKnownFileType = sourcecode.swift; path = TSNoteBaseClass.swift; sourceTree = "<group>"; };
		FAD2061D1C3D25ED00A045E5 /* noteEntryViewController.swift */ = {isa = PBXFileReference; fileEncoding = 4; lastKnownFileType = sourcecode.swift; path = noteEntryViewController.swift; sourceTree = "<group>"; };
		FAE72BC41BE043B20053F50E /* handleDatePickerTableViewController.swift */ = {isa = PBXFileReference; fileEncoding = 4; lastKnownFileType = sourcecode.swift; name = handleDatePickerTableViewController.swift; path = ../handleDatePickerTableViewController.swift; sourceTree = "<group>"; };
		FAE9229C1BF34315001E37FD /* noteListTableViewCell.swift */ = {isa = PBXFileReference; fileEncoding = 4; lastKnownFileType = sourcecode.swift; path = noteListTableViewCell.swift; sourceTree = "<group>"; };
		FAE944791C48D885003CFFB8 /* TSNotesDataModel.xcdatamodel */ = {isa = PBXFileReference; lastKnownFileType = wrapper.xcdatamodel; path = TSNotesDataModel.xcdatamodel; sourceTree = "<group>"; };
/* End PBXFileReference section */

/* Begin PBXFrameworksBuildPhase section */
		FAA7012D1BDB171E0013EFF7 /* Frameworks */ = {
			isa = PBXFrameworksBuildPhase;
			buildActionMask = 2147483647;
			files = (
			);
			runOnlyForDeploymentPostprocessing = 0;
		};
		FAA701411BDB171E0013EFF7 /* Frameworks */ = {
			isa = PBXFrameworksBuildPhase;
			buildActionMask = 2147483647;
			files = (
			);
			runOnlyForDeploymentPostprocessing = 0;
		};
/* End PBXFrameworksBuildPhase section */

/* Begin PBXGroup section */
		FAA701271BDB171E0013EFF7 = {
			isa = PBXGroup;
			children = (
				FAA701321BDB171E0013EFF7 /* TSNotes */,
				FAA701471BDB171E0013EFF7 /* TSNotesTests */,
				FAA701311BDB171E0013EFF7 /* Products */,
			);
			sourceTree = "<group>";
		};
		FAA701311BDB171E0013EFF7 /* Products */ = {
			isa = PBXGroup;
			children = (
				FAA701301BDB171E0013EFF7 /* TSNotes.app */,
				FAA701441BDB171E0013EFF7 /* TSNotesTests.xctest */,
			);
			name = Products;
			sourceTree = "<group>";
		};
		FAA701321BDB171E0013EFF7 /* TSNotes */ = {
			isa = PBXGroup;
			children = (
				FA6A71171BFF13C0000525FF /* NoteListTableSelectionDelegate.swift */,
				FAE72BC41BE043B20053F50E /* handleDatePickerTableViewController.swift */,
				FAA701331BDB171E0013EFF7 /* AppDelegate.swift */,
				FAA701351BDB171E0013EFF7 /* ViewController.swift */,
				FAA701371BDB171E0013EFF7 /* Main.storyboard */,
				FAE944781C48D885003CFFB8 /* TSNotesDataModel.xcdatamodeld */,
				FAD2061D1C3D25ED00A045E5 /* noteEntryViewController.swift */,
				FA7CE5D51BF2C971008FD365 /* TitleEntryViewController.swift */,
				FACAAA921C15075600087077 /* TSNoteBaseClass.swift */,
				FAE9229C1BF34315001E37FD /* noteListTableViewCell.swift */,
				FA6D27FE1BEDA80100768930 /* NoteBaseTableController.swift */,
				FA0AF71B1C4989D20020CBAC /* TSNoteClass.swift */,
				FA3F5B481BF0857600A7804C /* TSNoteEntriesTableCell.swift */,
				FA73889B1BF5703B00758E68 /* noteEntriesTableViewController.swift */,
				FACAAA901C15070E00087077 /* notesListData.swift */,
				FACAAA8E1C14BEC900087077 /* noteItemsData.swift */,
				FAA7013A1BDB171E0013EFF7 /* Assets.xcassets */,
				FAA7013C1BDB171E0013EFF7 /* LaunchScreen.storyboard */,
				FAA7013F1BDB171E0013EFF7 /* Info.plist */,
			);
			path = TSNotes;
			sourceTree = "<group>";
		};
		FAA701471BDB171E0013EFF7 /* TSNotesTests */ = {
			isa = PBXGroup;
			children = (
				FAA701481BDB171E0013EFF7 /* TSNotesTests.swift */,
				FAA7014A1BDB171E0013EFF7 /* Info.plist */,
			);
			path = TSNotesTests;
			sourceTree = "<group>";
		};
/* End PBXGroup section */

/* Begin PBXNativeTarget section */
		FAA7012F1BDB171E0013EFF7 /* TSNotes */ = {
			isa = PBXNativeTarget;
			buildConfigurationList = FAA7014D1BDB171E0013EFF7 /* Build configuration list for PBXNativeTarget "TSNotes" */;
			buildPhases = (
				FAA7012C1BDB171E0013EFF7 /* Sources */,
				FAA7012D1BDB171E0013EFF7 /* Frameworks */,
				FAA7012E1BDB171E0013EFF7 /* Resources */,
			);
			buildRules = (
			);
			dependencies = (
			);
			name = TSNotes;
			productName = TSNotes;
			productReference = FAA701301BDB171E0013EFF7 /* TSNotes.app */;
			productType = "com.apple.product-type.application";
		};
		FAA701431BDB171E0013EFF7 /* TSNotesTests */ = {
			isa = PBXNativeTarget;
			buildConfigurationList = FAA701501BDB171E0013EFF7 /* Build configuration list for PBXNativeTarget "TSNotesTests" */;
			buildPhases = (
				FAA701401BDB171E0013EFF7 /* Sources */,
				FAA701411BDB171E0013EFF7 /* Frameworks */,
				FAA701421BDB171E0013EFF7 /* Resources */,
			);
			buildRules = (
			);
			dependencies = (
				FAA701461BDB171E0013EFF7 /* PBXTargetDependency */,
			);
			name = TSNotesTests;
			productName = TSNotesTests;
			productReference = FAA701441BDB171E0013EFF7 /* TSNotesTests.xctest */;
			productType = "com.apple.product-type.bundle.unit-test";
		};
/* End PBXNativeTarget section */

/* Begin PBXProject section */
		FAA701281BDB171E0013EFF7 /* Project object */ = {
			isa = PBXProject;
			attributes = {
				LastUpgradeCheck = 0700;
				ORGANIZATIONNAME = LCI;
				TargetAttributes = {
					FAA7012F1BDB171E0013EFF7 = {
						CreatedOnToolsVersion = 7.0;
						DevelopmentTeam = WTGGV8Y4ZW;
					};
					FAA701431BDB171E0013EFF7 = {
						CreatedOnToolsVersion = 7.0;
						TestTargetID = FAA7012F1BDB171E0013EFF7;
					};
				};
			};
			buildConfigurationList = FAA7012B1BDB171E0013EFF7 /* Build configuration list for PBXProject "TSNotes" */;
			compatibilityVersion = "Xcode 3.2";
			developmentRegion = English;
			hasScannedForEncodings = 0;
			knownRegions = (
				en,
				Base,
			);
			mainGroup = FAA701271BDB171E0013EFF7;
			productRefGroup = FAA701311BDB171E0013EFF7 /* Products */;
			projectDirPath = "";
			projectRoot = "";
			targets = (
				FAA7012F1BDB171E0013EFF7 /* TSNotes */,
				FAA701431BDB171E0013EFF7 /* TSNotesTests */,
			);
		};
/* End PBXProject section */

/* Begin PBXResourcesBuildPhase section */
		FAA7012E1BDB171E0013EFF7 /* Resources */ = {
			isa = PBXResourcesBuildPhase;
			buildActionMask = 2147483647;
			files = (
				FAA7013E1BDB171E0013EFF7 /* LaunchScreen.storyboard in Resources */,
				FAA7013B1BDB171E0013EFF7 /* Assets.xcassets in Resources */,
				FAA701391BDB171E0013EFF7 /* Main.storyboard in Resources */,
			);
			runOnlyForDeploymentPostprocessing = 0;
		};
		FAA701421BDB171E0013EFF7 /* Resources */ = {
			isa = PBXResourcesBuildPhase;
			buildActionMask = 2147483647;
			files = (
			);
			runOnlyForDeploymentPostprocessing = 0;
		};
/* End PBXResourcesBuildPhase section */

/* Begin PBXSourcesBuildPhase section */
		FAA7012C1BDB171E0013EFF7 /* Sources */ = {
			isa = PBXSourcesBuildPhase;
			buildActionMask = 2147483647;
			files = (
				FA7CE5D61BF2C971008FD365 /* TitleEntryViewController.swift in Sources */,
				FACAAA931C15075600087077 /* TSNoteBaseClass.swift in Sources */,
				FAA701361BDB171E0013EFF7 /* ViewController.swift in Sources */,
				FA0AF71C1C4989D20020CBAC /* TSNoteClass.swift in Sources */,
				FACAAA8F1C14BEC900087077 /* noteItemsData.swift in Sources */,
				FAE9229D1BF34315001E37FD /* noteListTableViewCell.swift in Sources */,
				FAD2061E1C3D25ED00A045E5 /* noteEntryViewController.swift in Sources */,
				FA3F5B491BF0857600A7804C /* TSNoteEntriesTableCell.swift in Sources */,
				FA6A71181BFF13C0000525FF /* NoteListTableSelectionDelegate.swift in Sources */,
				FAE9447A1C48D885003CFFB8 /* TSNotesDataModel.xcdatamodeld in Sources */,
				FA73889C1BF5703B00758E68 /* noteEntriesTableViewController.swift in Sources */,
				FAE72BC51BE043B20053F50E /* handleDatePickerTableViewController.swift in Sources */,
				FAA701341BDB171E0013EFF7 /* AppDelegate.swift in Sources */,
				FA6D27FF1BEDA80100768930 /* NoteBaseTableController.swift in Sources */,
				FACAAA911C15070E00087077 /* notesListData.swift in Sources */,
			);
			runOnlyForDeploymentPostprocessing = 0;
		};
		FAA701401BDB171E0013EFF7 /* Sources */ = {
			isa = PBXSourcesBuildPhase;
			buildActionMask = 2147483647;
			files = (
				FAA701491BDB171E0013EFF7 /* TSNotesTests.swift in Sources */,
			);
			runOnlyForDeploymentPostprocessing = 0;
		};
/* End PBXSourcesBuildPhase section */

/* Begin PBXTargetDependency section */
		FAA701461BDB171E0013EFF7 /* PBXTargetDependency */ = {
			isa = PBXTargetDependency;
			target = FAA7012F1BDB171E0013EFF7 /* TSNotes */;
			targetProxy = FAA701451BDB171E0013EFF7 /* PBXContainerItemProxy */;
		};
/* End PBXTargetDependency section */

/* Begin PBXVariantGroup section */
		FAA701371BDB171E0013EFF7 /* Main.storyboard */ = {
			isa = PBXVariantGroup;
			children = (
				FAA701381BDB171E0013EFF7 /* Base */,
			);
			name = Main.storyboard;
			sourceTree = "<group>";
		};
		FAA7013C1BDB171E0013EFF7 /* LaunchScreen.storyboard */ = {
			isa = PBXVariantGroup;
			children = (
				FAA7013D1BDB171E0013EFF7 /* Base */,
			);
			name = LaunchScreen.storyboard;
			sourceTree = "<group>";
		};
/* End PBXVariantGroup section */

/* Begin XCBuildConfiguration section */
		FAA7014B1BDB171E0013EFF7 /* Debug */ = {
			isa = XCBuildConfiguration;
			buildSettings = {
				ALWAYS_SEARCH_USER_PATHS = NO;
				CLANG_CXX_LANGUAGE_STANDARD = "gnu++0x";
				CLANG_CXX_LIBRARY = "libc++";
				CLANG_ENABLE_MODULES = YES;
				CLANG_ENABLE_OBJC_ARC = YES;
				CLANG_WARN_BOOL_CONVERSION = YES;
				CLANG_WARN_CONSTANT_CONVERSION = YES;
				CLANG_WARN_DIRECT_OBJC_ISA_USAGE = YES_ERROR;
				CLANG_WARN_EMPTY_BODY = YES;
				CLANG_WARN_ENUM_CONVERSION = YES;
				CLANG_WARN_INT_CONVERSION = YES;
				CLANG_WARN_OBJC_ROOT_CLASS = YES_ERROR;
				CLANG_WARN_UNREACHABLE_CODE = YES;
				CLANG_WARN__DUPLICATE_METHOD_MATCH = YES;
				"CODE_SIGN_IDENTITY[sdk=iphoneos*]" = "iPhone Developer";
				COPY_PHASE_STRIP = NO;
				DEBUG_INFORMATION_FORMAT = dwarf;
				ENABLE_STRICT_OBJC_MSGSEND = YES;
				ENABLE_TESTABILITY = YES;
				GCC_C_LANGUAGE_STANDARD = gnu99;
				GCC_DYNAMIC_NO_PIC = NO;
				GCC_NO_COMMON_BLOCKS = YES;
				GCC_OPTIMIZATION_LEVEL = 0;
				GCC_PREPROCESSOR_DEFINITIONS = (
					"DEBUG=1",
					"$(inherited)",
				);
				GCC_WARN_64_TO_32_BIT_CONVERSION = YES;
				GCC_WARN_ABOUT_RETURN_TYPE = YES_ERROR;
				GCC_WARN_UNDECLARED_SELECTOR = YES;
				GCC_WARN_UNINITIALIZED_AUTOS = YES_AGGRESSIVE;
				GCC_WARN_UNUSED_FUNCTION = YES;
				GCC_WARN_UNUSED_VARIABLE = YES;
				IPHONEOS_DEPLOYMENT_TARGET = 9.0;
				MTL_ENABLE_DEBUG_INFO = YES;
				ONLY_ACTIVE_ARCH = YES;
				SDKROOT = iphoneos;
				SWIFT_OPTIMIZATION_LEVEL = "-Onone";
				TARGETED_DEVICE_FAMILY = "1,2";
			};
			name = Debug;
		};
		FAA7014C1BDB171E0013EFF7 /* Release */ = {
			isa = XCBuildConfiguration;
			buildSettings = {
				ALWAYS_SEARCH_USER_PATHS = NO;
				CLANG_CXX_LANGUAGE_STANDARD = "gnu++0x";
				CLANG_CXX_LIBRARY = "libc++";
				CLANG_ENABLE_MODULES = YES;
				CLANG_ENABLE_OBJC_ARC = YES;
				CLANG_WARN_BOOL_CONVERSION = YES;
				CLANG_WARN_CONSTANT_CONVERSION = YES;
				CLANG_WARN_DIRECT_OBJC_ISA_USAGE = YES_ERROR;
				CLANG_WARN_EMPTY_BODY = YES;
				CLANG_WARN_ENUM_CONVERSION = YES;
				CLANG_WARN_INT_CONVERSION = YES;
				CLANG_WARN_OBJC_ROOT_CLASS = YES_ERROR;
				CLANG_WARN_UNREACHABLE_CODE = YES;
				CLANG_WARN__DUPLICATE_METHOD_MATCH = YES;
				"CODE_SIGN_IDENTITY[sdk=iphoneos*]" = "iPhone Developer";
				COPY_PHASE_STRIP = NO;
				DEBUG_INFORMATION_FORMAT = "dwarf-with-dsym";
				ENABLE_NS_ASSERTIONS = NO;
				ENABLE_STRICT_OBJC_MSGSEND = YES;
				GCC_C_LANGUAGE_STANDARD = gnu99;
				GCC_NO_COMMON_BLOCKS = YES;
				GCC_WARN_64_TO_32_BIT_CONVERSION = YES;
				GCC_WARN_ABOUT_RETURN_TYPE = YES_ERROR;
				GCC_WARN_UNDECLARED_SELECTOR = YES;
				GCC_WARN_UNINITIALIZED_AUTOS = YES_AGGRESSIVE;
				GCC_WARN_UNUSED_FUNCTION = YES;
				GCC_WARN_UNUSED_VARIABLE = YES;
				IPHONEOS_DEPLOYMENT_TARGET = 9.0;
				MTL_ENABLE_DEBUG_INFO = NO;
				SDKROOT = iphoneos;
				TARGETED_DEVICE_FAMILY = "1,2";
				VALIDATE_PRODUCT = YES;
			};
			name = Release;
		};
		FAA7014E1BDB171E0013EFF7 /* Debug */ = {
			isa = XCBuildConfiguration;
			buildSettings = {
				ASSETCATALOG_COMPILER_APPICON_NAME = AppIcon;
				CODE_SIGN_IDENTITY = "iPhone Developer";
				INFOPLIST_FILE = TSNotes/Info.plist;
				LD_RUNPATH_SEARCH_PATHS = "$(inherited) @executable_path/Frameworks";
				PRODUCT_BUNDLE_IDENTIFIER = com.LCI.TSNotes;
				PRODUCT_NAME = "$(TARGET_NAME)";
			};
			name = Debug;
		};
		FAA7014F1BDB171E0013EFF7 /* Release */ = {
			isa = XCBuildConfiguration;
			buildSettings = {
				ASSETCATALOG_COMPILER_APPICON_NAME = AppIcon;
				CODE_SIGN_IDENTITY = "iPhone Developer";
				INFOPLIST_FILE = TSNotes/Info.plist;
				LD_RUNPATH_SEARCH_PATHS = "$(inherited) @executable_path/Frameworks";
				PRODUCT_BUNDLE_IDENTIFIER = com.LCI.TSNotes;
				PRODUCT_NAME = "$(TARGET_NAME)";
			};
			name = Release;
		};
		FAA701511BDB171E0013EFF7 /* Debug */ = {
			isa = XCBuildConfiguration;
			buildSettings = {
				BUNDLE_LOADER = "$(TEST_HOST)";
				INFOPLIST_FILE = TSNotesTests/Info.plist;
				LD_RUNPATH_SEARCH_PATHS = "$(inherited) @executable_path/Frameworks @loader_path/Frameworks";
				PRODUCT_BUNDLE_IDENTIFIER = com.LCI.TSNotesTests;
				PRODUCT_NAME = "$(TARGET_NAME)";
				TEST_HOST = "$(BUILT_PRODUCTS_DIR)/TSNotes.app/TSNotes";
			};
			name = Debug;
		};
		FAA701521BDB171E0013EFF7 /* Release */ = {
			isa = XCBuildConfiguration;
			buildSettings = {
				BUNDLE_LOADER = "$(TEST_HOST)";
				INFOPLIST_FILE = TSNotesTests/Info.plist;
				LD_RUNPATH_SEARCH_PATHS = "$(inherited) @executable_path/Frameworks @loader_path/Frameworks";
				PRODUCT_BUNDLE_IDENTIFIER = com.LCI.TSNotesTests;
				PRODUCT_NAME = "$(TARGET_NAME)";
				TEST_HOST = "$(BUILT_PRODUCTS_DIR)/TSNotes.app/TSNotes";
			};
			name = Release;
		};
/* End XCBuildConfiguration section */

/* Begin XCConfigurationList section */
		FAA7012B1BDB171E0013EFF7 /* Build configuration list for PBXProject "TSNotes" */ = {
			isa = XCConfigurationList;
			buildConfigurations = (
				FAA7014B1BDB171E0013EFF7 /* Debug */,
				FAA7014C1BDB171E0013EFF7 /* Release */,
			);
			defaultConfigurationIsVisible = 0;
			defaultConfigurationName = Release;
		};
		FAA7014D1BDB171E0013EFF7 /* Build configuration list for PBXNativeTarget "TSNotes" */ = {
			isa = XCConfigurationList;
			buildConfigurations = (
				FAA7014E1BDB171E0013EFF7 /* Debug */,
				FAA7014F1BDB171E0013EFF7 /* Release */,
			);
			defaultConfigurationIsVisible = 0;
			defaultConfigurationName = Release;
		};
		FAA701501BDB171E0013EFF7 /* Build configuration list for PBXNativeTarget "TSNotesTests" */ = {
			isa = XCConfigurationList;
			buildConfigurations = (
				FAA701511BDB171E0013EFF7 /* Debug */,
				FAA701521BDB171E0013EFF7 /* Release */,
			);
			defaultConfigurationIsVisible = 0;
			defaultConfigurationName = Release;
		};
/* End XCConfigurationList section */

/* Begin XCVersionGroup section */
		FAE944781C48D885003CFFB8 /* TSNotesDataModel.xcdatamodeld */ = {
			isa = XCVersionGroup;
			children = (
				FAE944791C48D885003CFFB8 /* TSNotesDataModel.xcdatamodel */,
			);
			currentVersion = FAE944791C48D885003CFFB8 /* TSNotesDataModel.xcdatamodel */;
			path = TSNotesDataModel.xcdatamodeld;
			sourceTree = "<group>";
			versionGroupType = wrapper.xcdatamodel;
		};
/* End XCVersionGroup section */
	};
	rootObject = FAA701281BDB171E0013EFF7 /* Project object */;
}
