<?xml version="1.0" encoding="UTF-8"?>
<!DOCTYPE plist PUBLIC "-//Apple//DTD PLIST 1.0//EN" "http://www.apple.com/DTDs/PropertyList-1.0.dtd">
<plist version="1.0">
<dict>
	<key>archiveVersion</key>
	<string>1</string>
	<key>classes</key>
	<dict/>
	<key>objectVersion</key>
	<string>46</string>
	<key>objects</key>
	<dict>
		<key>29EA40DDAF28AAD7EE322B74</key>
		<dict>
			<key>buildActionMask</key>
			<string>2147483647</string>
			<key>files</key>
			<array/>
			<key>inputPaths</key>
			<array/>
			<key>isa</key>
			<string>PBXShellScriptBuildPhase</string>
			<key>name</key>
			<string>Check Pods Manifest.lock</string>
			<key>outputPaths</key>
			<array/>
			<key>runOnlyForDeploymentPostprocessing</key>
			<string>0</string>
			<key>shellPath</key>
			<string>/bin/sh</string>
			<key>shellScript</key>
			<string>diff "${PODS_ROOT}/../Podfile.lock" "${PODS_ROOT}/Manifest.lock" &gt; /dev/null
if [[ $? != 0 ]] ; then
    cat &lt;&lt; EOM
error: The sandbox is not in sync with the Podfile.lock. Run 'pod install' or update your CocoaPods installation.
EOM
    exit 1
fi
</string>
			<key>showEnvVarsInLog</key>
			<string>0</string>
		</dict>
		<key>3D41207BA8F03576A5BC4F80</key>
		<dict>
			<key>buildActionMask</key>
			<string>2147483647</string>
			<key>files</key>
			<array/>
			<key>inputPaths</key>
			<array/>
			<key>isa</key>
			<string>PBXShellScriptBuildPhase</string>
			<key>name</key>
			<string>Embed Pods Frameworks</string>
			<key>outputPaths</key>
			<array/>
			<key>runOnlyForDeploymentPostprocessing</key>
			<string>0</string>
			<key>shellPath</key>
			<string>/bin/sh</string>
			<key>shellScript</key>
			<string>"${SRCROOT}/Pods/Target Support Files/Pods-TSNotes/Pods-TSNotes-frameworks.sh"
</string>
			<key>showEnvVarsInLog</key>
			<string>0</string>
		</dict>
		<key>415BE1A9842A79D7D49661B9</key>
		<dict>
			<key>children</key>
			<array>
				<string>70E06A1F3422B189BDF7365C</string>
				<string>EE849A74E1F3D88CDE25E53D</string>
			</array>
			<key>isa</key>
			<string>PBXGroup</string>
			<key>name</key>
			<string>Pods</string>
			<key>sourceTree</key>
			<string>&lt;group&gt;</string>
		</dict>
		<key>70E06A1F3422B189BDF7365C</key>
		<dict>
			<key>includeInIndex</key>
			<string>1</string>
			<key>isa</key>
			<string>PBXFileReference</string>
			<key>lastKnownFileType</key>
			<string>text.xcconfig</string>
			<key>name</key>
			<string>Pods-TSNotes.debug.xcconfig</string>
			<key>path</key>
			<string>Pods/Target Support Files/Pods-TSNotes/Pods-TSNotes.debug.xcconfig</string>
			<key>sourceTree</key>
			<string>&lt;group&gt;</string>
		</dict>
		<key>9123F3E34B50A6C923682658</key>
		<dict>
			<key>explicitFileType</key>
			<string>wrapper.framework</string>
			<key>includeInIndex</key>
			<string>0</string>
			<key>isa</key>
			<string>PBXFileReference</string>
			<key>path</key>
			<string>Pods_TSNotes.framework</string>
			<key>sourceTree</key>
			<string>BUILT_PRODUCTS_DIR</string>
		</dict>
		<key>C24B2BD62AB2F46A3054D7F2</key>
		<dict>
			<key>children</key>
			<array>
				<string>9123F3E34B50A6C923682658</string>
			</array>
			<key>isa</key>
			<string>PBXGroup</string>
			<key>name</key>
			<string>Frameworks</string>
			<key>sourceTree</key>
			<string>&lt;group&gt;</string>
		</dict>
		<key>E74122D820A1059C26CCAC53</key>
		<dict>
			<key>fileRef</key>
			<string>9123F3E34B50A6C923682658</string>
			<key>isa</key>
			<string>PBXBuildFile</string>
		</dict>
		<key>EE849A74E1F3D88CDE25E53D</key>
		<dict>
			<key>includeInIndex</key>
			<string>1</string>
			<key>isa</key>
			<string>PBXFileReference</string>
			<key>lastKnownFileType</key>
			<string>text.xcconfig</string>
			<key>name</key>
			<string>Pods-TSNotes.release.xcconfig</string>
			<key>path</key>
			<string>Pods/Target Support Files/Pods-TSNotes/Pods-TSNotes.release.xcconfig</string>
			<key>sourceTree</key>
			<string>&lt;group&gt;</string>
		</dict>
		<key>F31EC7A910D57B80140B325B</key>
		<dict>
			<key>buildActionMask</key>
			<string>2147483647</string>
			<key>files</key>
			<array/>
			<key>inputPaths</key>
			<array/>
			<key>isa</key>
			<string>PBXShellScriptBuildPhase</string>
			<key>name</key>
			<string>Copy Pods Resources</string>
			<key>outputPaths</key>
			<array/>
			<key>runOnlyForDeploymentPostprocessing</key>
			<string>0</string>
			<key>shellPath</key>
			<string>/bin/sh</string>
			<key>shellScript</key>
			<string>"${SRCROOT}/Pods/Target Support Files/Pods-TSNotes/Pods-TSNotes-resources.sh"
</string>
			<key>showEnvVarsInLog</key>
			<string>0</string>
		</dict>
		<key>FA25E1AA1DB2012F0087F527</key>
		<dict>
			<key>fileEncoding</key>
			<string>4</string>
			<key>isa</key>
			<string>PBXFileReference</string>
			<key>lastKnownFileType</key>
			<string>sourcecode.swift</string>
			<key>path</key>
			<string>CoreDataStack.swift</string>
			<key>sourceTree</key>
			<string>&lt;group&gt;</string>
		</dict>
		<key>FA25E1AB1DB201300087F527</key>
		<dict>
			<key>fileRef</key>
			<string>FA25E1AA1DB2012F0087F527</string>
			<key>isa</key>
			<string>PBXBuildFile</string>
		</dict>
		<key>FA3F5B481BF0857600A7804C</key>
		<dict>
			<key>fileEncoding</key>
			<string>4</string>
			<key>isa</key>
			<string>PBXFileReference</string>
			<key>lastKnownFileType</key>
			<string>sourcecode.swift</string>
			<key>path</key>
			<string>TSNoteEntriesTableCell.swift</string>
			<key>sourceTree</key>
			<string>&lt;group&gt;</string>
		</dict>
		<key>FA3F5B491BF0857600A7804C</key>
		<dict>
			<key>fileRef</key>
			<string>FA3F5B481BF0857600A7804C</string>
			<key>isa</key>
			<string>PBXBuildFile</string>
		</dict>
		<key>FA6D27FE1BEDA80100768930</key>
		<dict>
			<key>fileEncoding</key>
			<string>4</string>
			<key>isa</key>
			<string>PBXFileReference</string>
			<key>lastKnownFileType</key>
			<string>sourcecode.swift</string>
			<key>path</key>
			<string>NoteBaseTableController.swift</string>
			<key>sourceTree</key>
			<string>&lt;group&gt;</string>
		</dict>
		<key>FA6D27FF1BEDA80100768930</key>
		<dict>
			<key>fileRef</key>
			<string>FA6D27FE1BEDA80100768930</string>
			<key>isa</key>
			<string>PBXBuildFile</string>
		</dict>
		<key>FA73889B1BF5703B00758E68</key>
		<dict>
			<key>fileEncoding</key>
			<string>4</string>
			<key>isa</key>
			<string>PBXFileReference</string>
			<key>lastKnownFileType</key>
			<string>sourcecode.swift</string>
			<key>name</key>
			<string>noteEntriesTableViewController.swift</string>
			<key>path</key>
			<string>../noteEntriesTableViewController.swift</string>
			<key>sourceTree</key>
			<string>&lt;group&gt;</string>
		</dict>
		<key>FA73889C1BF5703B00758E68</key>
		<dict>
			<key>fileRef</key>
			<string>FA73889B1BF5703B00758E68</string>
			<key>isa</key>
			<string>PBXBuildFile</string>
		</dict>
		<key>FA7CE5D51BF2C971008FD365</key>
		<dict>
			<key>fileEncoding</key>
			<string>4</string>
			<key>isa</key>
			<string>PBXFileReference</string>
			<key>lastKnownFileType</key>
			<string>sourcecode.swift</string>
			<key>path</key>
			<string>TitleEntryViewController.swift</string>
			<key>sourceTree</key>
			<string>&lt;group&gt;</string>
		</dict>
		<key>FA7CE5D61BF2C971008FD365</key>
		<dict>
			<key>fileRef</key>
			<string>FA7CE5D51BF2C971008FD365</string>
			<key>isa</key>
			<string>PBXBuildFile</string>
		</dict>
		<key>FAA701271BDB171E0013EFF7</key>
		<dict>
			<key>children</key>
			<array>
				<string>FAA701321BDB171E0013EFF7</string>
				<string>FAA701471BDB171E0013EFF7</string>
				<string>FAA701311BDB171E0013EFF7</string>
				<string>415BE1A9842A79D7D49661B9</string>
				<string>C24B2BD62AB2F46A3054D7F2</string>
			</array>
			<key>isa</key>
			<string>PBXGroup</string>
			<key>sourceTree</key>
			<string>&lt;group&gt;</string>
		</dict>
		<key>FAA701281BDB171E0013EFF7</key>
		<dict>
			<key>attributes</key>
			<dict>
				<key>LastUpgradeCheck</key>
				<string>0800</string>
				<key>ORGANIZATIONNAME</key>
				<string>LCI</string>
				<key>TargetAttributes</key>
				<dict>
					<key>FAA7012F1BDB171E0013EFF7</key>
					<dict>
						<key>CreatedOnToolsVersion</key>
						<string>7.0</string>
						<key>DevelopmentTeam</key>
						<string>WTGGV8Y4ZW</string>
						<key>LastSwiftMigration</key>
						<string>0800</string>
					</dict>
					<key>FAA701431BDB171E0013EFF7</key>
					<dict>
						<key>CreatedOnToolsVersion</key>
						<string>7.0</string>
						<key>LastSwiftMigration</key>
						<string>0800</string>
						<key>TestTargetID</key>
						<string>FAA7012F1BDB171E0013EFF7</string>
					</dict>
				</dict>
			</dict>
			<key>buildConfigurationList</key>
			<string>FAA7012B1BDB171E0013EFF7</string>
			<key>compatibilityVersion</key>
			<string>Xcode 3.2</string>
			<key>developmentRegion</key>
			<string>English</string>
			<key>hasScannedForEncodings</key>
			<string>0</string>
			<key>isa</key>
			<string>PBXProject</string>
			<key>knownRegions</key>
			<array>
				<string>en</string>
				<string>Base</string>
			</array>
			<key>mainGroup</key>
			<string>FAA701271BDB171E0013EFF7</string>
			<key>productRefGroup</key>
			<string>FAA701311BDB171E0013EFF7</string>
			<key>projectDirPath</key>
			<string></string>
			<key>projectReferences</key>
			<array/>
			<key>projectRoot</key>
			<string></string>
			<key>targets</key>
			<array>
				<string>FAA7012F1BDB171E0013EFF7</string>
				<string>FAA701431BDB171E0013EFF7</string>
			</array>
		</dict>
		<key>FAA7012B1BDB171E0013EFF7</key>
		<dict>
			<key>buildConfigurations</key>
			<array>
				<string>FAA7014B1BDB171E0013EFF7</string>
				<string>FAA7014C1BDB171E0013EFF7</string>
			</array>
			<key>defaultConfigurationIsVisible</key>
			<string>0</string>
			<key>defaultConfigurationName</key>
			<string>Release</string>
			<key>isa</key>
			<string>XCConfigurationList</string>
		</dict>
		<key>FAA7012C1BDB171E0013EFF7</key>
		<dict>
			<key>buildActionMask</key>
			<string>2147483647</string>
			<key>files</key>
			<array>
				<string>FA7CE5D61BF2C971008FD365</string>
				<string>FAA701361BDB171E0013EFF7</string>
				<string>FAE9229D1BF34315001E37FD</string>
				<string>FAED29BA1D24F30A0009C873</string>
				<string>FAD2061E1C3D25ED00A045E5</string>
				<string>FA3F5B491BF0857600A7804C</string>
				<string>FAED29B21D2459F10009C873</string>
				<string>FA25E1AB1DB201300087F527</string>
				<string>FAE9FDA31D2CB5AE00288221</string>
				<string>FAED29B31D2459F10009C873</string>
				<string>FA73889C1BF5703B00758E68</string>
				<string>FAED29B61D24A8720009C873</string>
				<string>FAE72BC51BE043B20053F50E</string>
				<string>FAA701341BDB171E0013EFF7</string>
				<string>FA6D27FF1BEDA80100768930</string>
				<string>FAED29BC1D24F6480009C873</string>
			</array>
			<key>isa</key>
			<string>PBXSourcesBuildPhase</string>
			<key>runOnlyForDeploymentPostprocessing</key>
			<string>0</string>
		</dict>
		<key>FAA7012D1BDB171E0013EFF7</key>
		<dict>
			<key>buildActionMask</key>
			<string>2147483647</string>
			<key>files</key>
			<array>
				<string>E74122D820A1059C26CCAC53</string>
			</array>
			<key>isa</key>
			<string>PBXFrameworksBuildPhase</string>
			<key>runOnlyForDeploymentPostprocessing</key>
			<string>0</string>
		</dict>
		<key>FAA7012E1BDB171E0013EFF7</key>
		<dict>
			<key>buildActionMask</key>
			<string>2147483647</string>
			<key>files</key>
			<array>
				<string>FAA7013E1BDB171E0013EFF7</string>
				<string>FAA7013B1BDB171E0013EFF7</string>
				<string>FAA701391BDB171E0013EFF7</string>
			</array>
			<key>isa</key>
			<string>PBXResourcesBuildPhase</string>
			<key>runOnlyForDeploymentPostprocessing</key>
			<string>0</string>
		</dict>
		<key>FAA7012F1BDB171E0013EFF7</key>
		<dict>
			<key>buildConfigurationList</key>
			<string>FAA7014D1BDB171E0013EFF7</string>
			<key>buildPhases</key>
			<array>
				<string>29EA40DDAF28AAD7EE322B74</string>
				<string>FAA7012C1BDB171E0013EFF7</string>
				<string>FAA7012D1BDB171E0013EFF7</string>
				<string>FAA7012E1BDB171E0013EFF7</string>
				<string>3D41207BA8F03576A5BC4F80</string>
				<string>F31EC7A910D57B80140B325B</string>
			</array>
			<key>buildRules</key>
			<array/>
			<key>dependencies</key>
			<array/>
			<key>isa</key>
			<string>PBXNativeTarget</string>
			<key>name</key>
			<string>TSNotes</string>
			<key>productName</key>
			<string>TSNotes</string>
			<key>productReference</key>
			<string>FAA701301BDB171E0013EFF7</string>
			<key>productType</key>
			<string>com.apple.product-type.application</string>
		</dict>
		<key>FAA701301BDB171E0013EFF7</key>
		<dict>
			<key>explicitFileType</key>
			<string>wrapper.application</string>
			<key>includeInIndex</key>
			<string>0</string>
			<key>isa</key>
			<string>PBXFileReference</string>
			<key>path</key>
			<string>TSNotes.app</string>
			<key>sourceTree</key>
			<string>BUILT_PRODUCTS_DIR</string>
		</dict>
		<key>FAA701311BDB171E0013EFF7</key>
		<dict>
			<key>children</key>
			<array>
				<string>FAA701301BDB171E0013EFF7</string>
				<string>FAA701441BDB171E0013EFF7</string>
			</array>
			<key>isa</key>
			<string>PBXGroup</string>
			<key>name</key>
			<string>Products</string>
			<key>sourceTree</key>
			<string>&lt;group&gt;</string>
		</dict>
		<key>FAA701321BDB171E0013EFF7</key>
		<dict>
			<key>children</key>
			<array>
				<string>FA25E1AA1DB2012F0087F527</string>
				<string>FAE72BC41BE043B20053F50E</string>
				<string>FAA701331BDB171E0013EFF7</string>
				<string>FAA701351BDB171E0013EFF7</string>
				<string>FAA701371BDB171E0013EFF7</string>
				<string>FAED29B01D2459F10009C873</string>
				<string>FAED29B81D24F30A0009C873</string>
				<string>FAED29B41D24A8720009C873</string>
				<string>FAED29B11D2459F10009C873</string>
				<string>FAED29BB1D24F6480009C873</string>
				<string>FAD2061D1C3D25ED00A045E5</string>
				<string>FAE9FDA21D2CB5AE00288221</string>
				<string>FA7CE5D51BF2C971008FD365</string>
				<string>FAE9229C1BF34315001E37FD</string>
				<string>FA6D27FE1BEDA80100768930</string>
				<string>FA3F5B481BF0857600A7804C</string>
				<string>FA73889B1BF5703B00758E68</string>
				<string>FAA7013A1BDB171E0013EFF7</string>
				<string>FAA7013C1BDB171E0013EFF7</string>
				<string>FAA7013F1BDB171E0013EFF7</string>
			</array>
			<key>isa</key>
			<string>PBXGroup</string>
			<key>path</key>
			<string>TSNotes</string>
			<key>sourceTree</key>
			<string>&lt;group&gt;</string>
		</dict>
		<key>FAA701331BDB171E0013EFF7</key>
		<dict>
			<key>isa</key>
			<string>PBXFileReference</string>
			<key>lastKnownFileType</key>
			<string>sourcecode.swift</string>
			<key>path</key>
			<string>AppDelegate.swift</string>
			<key>sourceTree</key>
			<string>&lt;group&gt;</string>
		</dict>
		<key>FAA701341BDB171E0013EFF7</key>
		<dict>
			<key>fileRef</key>
			<string>FAA701331BDB171E0013EFF7</string>
			<key>isa</key>
			<string>PBXBuildFile</string>
		</dict>
		<key>FAA701351BDB171E0013EFF7</key>
		<dict>
			<key>isa</key>
			<string>PBXFileReference</string>
			<key>lastKnownFileType</key>
			<string>sourcecode.swift</string>
			<key>path</key>
			<string>ViewController.swift</string>
			<key>sourceTree</key>
			<string>&lt;group&gt;</string>
		</dict>
		<key>FAA701361BDB171E0013EFF7</key>
		<dict>
			<key>fileRef</key>
			<string>FAA701351BDB171E0013EFF7</string>
			<key>isa</key>
			<string>PBXBuildFile</string>
		</dict>
		<key>FAA701371BDB171E0013EFF7</key>
		<dict>
			<key>children</key>
			<array>
				<string>FAA701381BDB171E0013EFF7</string>
			</array>
			<key>isa</key>
			<string>PBXVariantGroup</string>
			<key>name</key>
			<string>Main.storyboard</string>
			<key>sourceTree</key>
			<string>&lt;group&gt;</string>
		</dict>
		<key>FAA701381BDB171E0013EFF7</key>
		<dict>
			<key>isa</key>
			<string>PBXFileReference</string>
			<key>lastKnownFileType</key>
			<string>file.storyboard</string>
			<key>name</key>
			<string>Base</string>
			<key>path</key>
			<string>Base.lproj/Main.storyboard</string>
			<key>sourceTree</key>
			<string>&lt;group&gt;</string>
		</dict>
		<key>FAA701391BDB171E0013EFF7</key>
		<dict>
			<key>fileRef</key>
			<string>FAA701371BDB171E0013EFF7</string>
			<key>isa</key>
			<string>PBXBuildFile</string>
		</dict>
		<key>FAA7013A1BDB171E0013EFF7</key>
		<dict>
			<key>isa</key>
			<string>PBXFileReference</string>
			<key>lastKnownFileType</key>
			<string>folder.assetcatalog</string>
			<key>path</key>
			<string>Assets.xcassets</string>
			<key>sourceTree</key>
			<string>&lt;group&gt;</string>
		</dict>
		<key>FAA7013B1BDB171E0013EFF7</key>
		<dict>
			<key>fileRef</key>
			<string>FAA7013A1BDB171E0013EFF7</string>
			<key>isa</key>
			<string>PBXBuildFile</string>
		</dict>
		<key>FAA7013C1BDB171E0013EFF7</key>
		<dict>
			<key>children</key>
			<array>
				<string>FAA7013D1BDB171E0013EFF7</string>
			</array>
			<key>isa</key>
			<string>PBXVariantGroup</string>
			<key>name</key>
			<string>LaunchScreen.storyboard</string>
			<key>sourceTree</key>
			<string>&lt;group&gt;</string>
		</dict>
		<key>FAA7013D1BDB171E0013EFF7</key>
		<dict>
			<key>isa</key>
			<string>PBXFileReference</string>
			<key>lastKnownFileType</key>
			<string>file.storyboard</string>
			<key>name</key>
			<string>Base</string>
			<key>path</key>
			<string>Base.lproj/LaunchScreen.storyboard</string>
			<key>sourceTree</key>
			<string>&lt;group&gt;</string>
		</dict>
		<key>FAA7013E1BDB171E0013EFF7</key>
		<dict>
			<key>fileRef</key>
			<string>FAA7013C1BDB171E0013EFF7</string>
			<key>isa</key>
			<string>PBXBuildFile</string>
		</dict>
		<key>FAA7013F1BDB171E0013EFF7</key>
		<dict>
			<key>isa</key>
			<string>PBXFileReference</string>
			<key>lastKnownFileType</key>
			<string>text.plist.xml</string>
			<key>path</key>
			<string>Info.plist</string>
			<key>sourceTree</key>
			<string>&lt;group&gt;</string>
		</dict>
		<key>FAA701401BDB171E0013EFF7</key>
		<dict>
			<key>buildActionMask</key>
			<string>2147483647</string>
			<key>files</key>
			<array>
				<string>FAA701491BDB171E0013EFF7</string>
			</array>
			<key>isa</key>
			<string>PBXSourcesBuildPhase</string>
			<key>runOnlyForDeploymentPostprocessing</key>
			<string>0</string>
		</dict>
		<key>FAA701411BDB171E0013EFF7</key>
		<dict>
			<key>buildActionMask</key>
			<string>2147483647</string>
			<key>files</key>
			<array/>
			<key>isa</key>
			<string>PBXFrameworksBuildPhase</string>
			<key>runOnlyForDeploymentPostprocessing</key>
			<string>0</string>
		</dict>
		<key>FAA701421BDB171E0013EFF7</key>
		<dict>
			<key>buildActionMask</key>
			<string>2147483647</string>
			<key>files</key>
			<array/>
			<key>isa</key>
			<string>PBXResourcesBuildPhase</string>
			<key>runOnlyForDeploymentPostprocessing</key>
			<string>0</string>
		</dict>
		<key>FAA701431BDB171E0013EFF7</key>
		<dict>
			<key>buildConfigurationList</key>
			<string>FAA701501BDB171E0013EFF7</string>
			<key>buildPhases</key>
			<array>
				<string>FAA701401BDB171E0013EFF7</string>
				<string>FAA701411BDB171E0013EFF7</string>
				<string>FAA701421BDB171E0013EFF7</string>
			</array>
			<key>buildRules</key>
			<array/>
			<key>dependencies</key>
			<array>
				<string>FAA701461BDB171E0013EFF7</string>
			</array>
			<key>isa</key>
			<string>PBXNativeTarget</string>
			<key>name</key>
			<string>TSNotesTests</string>
			<key>productName</key>
			<string>TSNotesTests</string>
			<key>productReference</key>
			<string>FAA701441BDB171E0013EFF7</string>
			<key>productType</key>
			<string>com.apple.product-type.bundle.unit-test</string>
		</dict>
		<key>FAA701441BDB171E0013EFF7</key>
		<dict>
			<key>explicitFileType</key>
			<string>wrapper.cfbundle</string>
			<key>includeInIndex</key>
			<string>0</string>
			<key>isa</key>
			<string>PBXFileReference</string>
			<key>path</key>
			<string>TSNotesTests.xctest</string>
			<key>sourceTree</key>
			<string>BUILT_PRODUCTS_DIR</string>
		</dict>
		<key>FAA701451BDB171E0013EFF7</key>
		<dict>
			<key>containerPortal</key>
			<string>FAA701281BDB171E0013EFF7</string>
			<key>isa</key>
			<string>PBXContainerItemProxy</string>
			<key>proxyType</key>
			<string>1</string>
			<key>remoteGlobalIDString</key>
			<string>FAA7012F1BDB171E0013EFF7</string>
			<key>remoteInfo</key>
			<string>TSNotes</string>
		</dict>
		<key>FAA701461BDB171E0013EFF7</key>
		<dict>
			<key>isa</key>
			<string>PBXTargetDependency</string>
			<key>target</key>
			<string>FAA7012F1BDB171E0013EFF7</string>
			<key>targetProxy</key>
			<string>FAA701451BDB171E0013EFF7</string>
		</dict>
		<key>FAA701471BDB171E0013EFF7</key>
		<dict>
			<key>children</key>
			<array>
				<string>FAA701481BDB171E0013EFF7</string>
				<string>FAA7014A1BDB171E0013EFF7</string>
			</array>
			<key>isa</key>
			<string>PBXGroup</string>
			<key>path</key>
			<string>TSNotesTests</string>
			<key>sourceTree</key>
			<string>&lt;group&gt;</string>
		</dict>
		<key>FAA701481BDB171E0013EFF7</key>
		<dict>
			<key>isa</key>
			<string>PBXFileReference</string>
			<key>lastKnownFileType</key>
			<string>sourcecode.swift</string>
			<key>path</key>
			<string>TSNotesTests.swift</string>
			<key>sourceTree</key>
			<string>&lt;group&gt;</string>
		</dict>
		<key>FAA701491BDB171E0013EFF7</key>
		<dict>
			<key>fileRef</key>
			<string>FAA701481BDB171E0013EFF7</string>
			<key>isa</key>
			<string>PBXBuildFile</string>
		</dict>
		<key>FAA7014A1BDB171E0013EFF7</key>
		<dict>
			<key>isa</key>
			<string>PBXFileReference</string>
			<key>lastKnownFileType</key>
			<string>text.plist.xml</string>
			<key>path</key>
			<string>Info.plist</string>
			<key>sourceTree</key>
			<string>&lt;group&gt;</string>
		</dict>
		<key>FAA7014B1BDB171E0013EFF7</key>
		<dict>
			<key>buildSettings</key>
			<dict>
				<key>ALWAYS_SEARCH_USER_PATHS</key>
				<string>NO</string>
				<key>CLANG_CXX_LANGUAGE_STANDARD</key>
				<string>gnu++0x</string>
				<key>CLANG_CXX_LIBRARY</key>
				<string>libc++</string>
				<key>CLANG_ENABLE_MODULES</key>
				<string>YES</string>
				<key>CLANG_ENABLE_OBJC_ARC</key>
				<string>YES</string>
				<key>CLANG_WARN_BOOL_CONVERSION</key>
				<string>YES</string>
				<key>CLANG_WARN_CONSTANT_CONVERSION</key>
				<string>YES</string>
				<key>CLANG_WARN_DIRECT_OBJC_ISA_USAGE</key>
				<string>YES_ERROR</string>
				<key>CLANG_WARN_EMPTY_BODY</key>
				<string>YES</string>
				<key>CLANG_WARN_ENUM_CONVERSION</key>
				<string>YES</string>
				<key>CLANG_WARN_INFINITE_RECURSION</key>
				<string>YES</string>
				<key>CLANG_WARN_INT_CONVERSION</key>
				<string>YES</string>
				<key>CLANG_WARN_OBJC_ROOT_CLASS</key>
				<string>YES_ERROR</string>
				<key>CLANG_WARN_SUSPICIOUS_MOVE</key>
				<string>YES</string>
				<key>CLANG_WARN_UNREACHABLE_CODE</key>
				<string>YES</string>
				<key>CLANG_WARN__DUPLICATE_METHOD_MATCH</key>
				<string>YES</string>
				<key>CODE_SIGN_IDENTITY[sdk=iphoneos*]</key>
				<string>iPhone Developer</string>
				<key>COPY_PHASE_STRIP</key>
				<string>NO</string>
				<key>DEBUG_INFORMATION_FORMAT</key>
				<string>dwarf</string>
				<key>ENABLE_STRICT_OBJC_MSGSEND</key>
				<string>YES</string>
				<key>ENABLE_TESTABILITY</key>
				<string>YES</string>
				<key>GCC_C_LANGUAGE_STANDARD</key>
				<string>gnu99</string>
				<key>GCC_DYNAMIC_NO_PIC</key>
				<string>NO</string>
				<key>GCC_NO_COMMON_BLOCKS</key>
				<string>YES</string>
				<key>GCC_OPTIMIZATION_LEVEL</key>
				<string>0</string>
				<key>GCC_PREPROCESSOR_DEFINITIONS</key>
				<array>
					<string>DEBUG=1</string>
					<string>$(inherited)</string>
				</array>
				<key>GCC_WARN_64_TO_32_BIT_CONVERSION</key>
				<string>YES</string>
				<key>GCC_WARN_ABOUT_RETURN_TYPE</key>
				<string>YES_ERROR</string>
				<key>GCC_WARN_UNDECLARED_SELECTOR</key>
				<string>YES</string>
				<key>GCC_WARN_UNINITIALIZED_AUTOS</key>
				<string>YES_AGGRESSIVE</string>
				<key>GCC_WARN_UNUSED_FUNCTION</key>
				<string>YES</string>
				<key>GCC_WARN_UNUSED_VARIABLE</key>
				<string>YES</string>
				<key>IPHONEOS_DEPLOYMENT_TARGET</key>
				<string>10.0</string>
				<key>MTL_ENABLE_DEBUG_INFO</key>
				<string>YES</string>
				<key>ONLY_ACTIVE_ARCH</key>
				<string>YES</string>
				<key>SDKROOT</key>
				<string>iphoneos</string>
				<key>SWIFT_OPTIMIZATION_LEVEL</key>
				<string>-Onone</string>
				<key>TARGETED_DEVICE_FAMILY</key>
				<string>1,2</string>
			</dict>
			<key>isa</key>
			<string>XCBuildConfiguration</string>
			<key>name</key>
			<string>Debug</string>
		</dict>
		<key>FAA7014C1BDB171E0013EFF7</key>
		<dict>
			<key>buildSettings</key>
			<dict>
				<key>ALWAYS_SEARCH_USER_PATHS</key>
				<string>NO</string>
				<key>CLANG_CXX_LANGUAGE_STANDARD</key>
				<string>gnu++0x</string>
				<key>CLANG_CXX_LIBRARY</key>
				<string>libc++</string>
				<key>CLANG_ENABLE_MODULES</key>
				<string>YES</string>
				<key>CLANG_ENABLE_OBJC_ARC</key>
				<string>YES</string>
				<key>CLANG_WARN_BOOL_CONVERSION</key>
				<string>YES</string>
				<key>CLANG_WARN_CONSTANT_CONVERSION</key>
				<string>YES</string>
				<key>CLANG_WARN_DIRECT_OBJC_ISA_USAGE</key>
				<string>YES_ERROR</string>
				<key>CLANG_WARN_EMPTY_BODY</key>
				<string>YES</string>
				<key>CLANG_WARN_ENUM_CONVERSION</key>
				<string>YES</string>
				<key>CLANG_WARN_INFINITE_RECURSION</key>
				<string>YES</string>
				<key>CLANG_WARN_INT_CONVERSION</key>
				<string>YES</string>
				<key>CLANG_WARN_OBJC_ROOT_CLASS</key>
				<string>YES_ERROR</string>
				<key>CLANG_WARN_SUSPICIOUS_MOVE</key>
				<string>YES</string>
				<key>CLANG_WARN_UNREACHABLE_CODE</key>
				<string>YES</string>
				<key>CLANG_WARN__DUPLICATE_METHOD_MATCH</key>
				<string>YES</string>
				<key>CODE_SIGN_IDENTITY[sdk=iphoneos*]</key>
				<string>iPhone Developer</string>
				<key>COPY_PHASE_STRIP</key>
				<string>NO</string>
				<key>DEBUG_INFORMATION_FORMAT</key>
				<string>dwarf-with-dsym</string>
				<key>ENABLE_NS_ASSERTIONS</key>
				<string>NO</string>
				<key>ENABLE_STRICT_OBJC_MSGSEND</key>
				<string>YES</string>
				<key>GCC_C_LANGUAGE_STANDARD</key>
				<string>gnu99</string>
				<key>GCC_NO_COMMON_BLOCKS</key>
				<string>YES</string>
				<key>GCC_WARN_64_TO_32_BIT_CONVERSION</key>
				<string>YES</string>
				<key>GCC_WARN_ABOUT_RETURN_TYPE</key>
				<string>YES_ERROR</string>
				<key>GCC_WARN_UNDECLARED_SELECTOR</key>
				<string>YES</string>
				<key>GCC_WARN_UNINITIALIZED_AUTOS</key>
				<string>YES_AGGRESSIVE</string>
				<key>GCC_WARN_UNUSED_FUNCTION</key>
				<string>YES</string>
				<key>GCC_WARN_UNUSED_VARIABLE</key>
				<string>YES</string>
				<key>IPHONEOS_DEPLOYMENT_TARGET</key>
				<string>10.0</string>
				<key>MTL_ENABLE_DEBUG_INFO</key>
				<string>NO</string>
				<key>SDKROOT</key>
				<string>iphoneos</string>
				<key>SWIFT_OPTIMIZATION_LEVEL</key>
				<string>-Owholemodule</string>
				<key>TARGETED_DEVICE_FAMILY</key>
				<string>1,2</string>
				<key>VALIDATE_PRODUCT</key>
				<string>YES</string>
			</dict>
			<key>isa</key>
			<string>XCBuildConfiguration</string>
			<key>name</key>
			<string>Release</string>
		</dict>
		<key>FAA7014D1BDB171E0013EFF7</key>
		<dict>
			<key>buildConfigurations</key>
			<array>
				<string>FAA7014E1BDB171E0013EFF7</string>
				<string>FAA7014F1BDB171E0013EFF7</string>
			</array>
			<key>defaultConfigurationIsVisible</key>
			<string>0</string>
			<key>defaultConfigurationName</key>
			<string>Release</string>
			<key>isa</key>
			<string>XCConfigurationList</string>
		</dict>
		<key>FAA7014E1BDB171E0013EFF7</key>
		<dict>
			<key>baseConfigurationReference</key>
			<string>70E06A1F3422B189BDF7365C</string>
			<key>buildSettings</key>
			<dict>
				<key>ALWAYS_EMBED_SWIFT_STANDARD_LIBRARIES</key>
				<string>YES</string>
				<key>ASSETCATALOG_COMPILER_APPICON_NAME</key>
				<string>AppIcon</string>
				<key>CODE_SIGN_IDENTITY</key>
				<string>iPhone Developer</string>
				<key>CODE_SIGN_IDENTITY[sdk=iphoneos*]</key>
				<string>iPhone Developer</string>
				<key>INFOPLIST_FILE</key>
				<string>TSNotes/Info.plist</string>
				<key>LD_RUNPATH_SEARCH_PATHS</key>
				<string>$(inherited) @executable_path/Frameworks</string>
				<key>PRODUCT_BUNDLE_IDENTIFIER</key>
				<string>com.LCI.TSNotes</string>
				<key>PRODUCT_NAME</key>
				<string>$(TARGET_NAME)</string>
				<key>PROVISIONING_PROFILE</key>
				<string></string>
				<key>SWIFT_VERSION</key>
				<string>3.0</string>
			</dict>
			<key>isa</key>
			<string>XCBuildConfiguration</string>
			<key>name</key>
			<string>Debug</string>
		</dict>
		<key>FAA7014F1BDB171E0013EFF7</key>
		<dict>
			<key>baseConfigurationReference</key>
			<string>EE849A74E1F3D88CDE25E53D</string>
			<key>buildSettings</key>
			<dict>
				<key>ALWAYS_EMBED_SWIFT_STANDARD_LIBRARIES</key>
				<string>YES</string>
				<key>ASSETCATALOG_COMPILER_APPICON_NAME</key>
				<string>AppIcon</string>
				<key>CODE_SIGN_IDENTITY</key>
				<string>iPhone Developer</string>
				<key>CODE_SIGN_IDENTITY[sdk=iphoneos*]</key>
				<string>iPhone Developer</string>
				<key>INFOPLIST_FILE</key>
				<string>TSNotes/Info.plist</string>
				<key>LD_RUNPATH_SEARCH_PATHS</key>
				<string>$(inherited) @executable_path/Frameworks</string>
				<key>PRODUCT_BUNDLE_IDENTIFIER</key>
				<string>com.LCI.TSNotes</string>
				<key>PRODUCT_NAME</key>
				<string>$(TARGET_NAME)</string>
				<key>PROVISIONING_PROFILE</key>
				<string></string>
				<key>SWIFT_VERSION</key>
				<string>3.0</string>
			</dict>
			<key>isa</key>
			<string>XCBuildConfiguration</string>
			<key>name</key>
			<string>Release</string>
		</dict>
		<key>FAA701501BDB171E0013EFF7</key>
		<dict>
			<key>buildConfigurations</key>
			<array>
				<string>FAA701511BDB171E0013EFF7</string>
				<string>FAA701521BDB171E0013EFF7</string>
			</array>
			<key>defaultConfigurationIsVisible</key>
			<string>0</string>
			<key>defaultConfigurationName</key>
			<string>Release</string>
			<key>isa</key>
			<string>XCConfigurationList</string>
		</dict>
		<key>FAA701511BDB171E0013EFF7</key>
		<dict>
			<key>buildSettings</key>
			<dict>
				<key>BUNDLE_LOADER</key>
				<string>$(TEST_HOST)</string>
				<key>INFOPLIST_FILE</key>
				<string>TSNotesTests/Info.plist</string>
				<key>LD_RUNPATH_SEARCH_PATHS</key>
				<string>$(inherited) @executable_path/Frameworks @loader_path/Frameworks</string>
				<key>PRODUCT_BUNDLE_IDENTIFIER</key>
				<string>com.LCI.TSNotesTests</string>
				<key>PRODUCT_NAME</key>
				<string>$(TARGET_NAME)</string>
				<key>SWIFT_VERSION</key>
				<string>3.0</string>
				<key>TEST_HOST</key>
				<string>$(BUILT_PRODUCTS_DIR)/TSNotes.app/TSNotes</string>
			</dict>
			<key>isa</key>
			<string>XCBuildConfiguration</string>
			<key>name</key>
			<string>Debug</string>
		</dict>
		<key>FAA701521BDB171E0013EFF7</key>
		<dict>
			<key>buildSettings</key>
			<dict>
				<key>BUNDLE_LOADER</key>
				<string>$(TEST_HOST)</string>
				<key>INFOPLIST_FILE</key>
				<string>TSNotesTests/Info.plist</string>
				<key>LD_RUNPATH_SEARCH_PATHS</key>
				<string>$(inherited) @executable_path/Frameworks @loader_path/Frameworks</string>
				<key>PRODUCT_BUNDLE_IDENTIFIER</key>
				<string>com.LCI.TSNotesTests</string>
				<key>PRODUCT_NAME</key>
				<string>$(TARGET_NAME)</string>
				<key>SWIFT_VERSION</key>
				<string>3.0</string>
				<key>TEST_HOST</key>
				<string>$(BUILT_PRODUCTS_DIR)/TSNotes.app/TSNotes</string>
			</dict>
			<key>isa</key>
			<string>XCBuildConfiguration</string>
			<key>name</key>
			<string>Release</string>
		</dict>
		<key>FAD2061D1C3D25ED00A045E5</key>
		<dict>
			<key>fileEncoding</key>
			<string>4</string>
			<key>isa</key>
			<string>PBXFileReference</string>
			<key>lastKnownFileType</key>
			<string>sourcecode.swift</string>
			<key>path</key>
			<string>noteEntryViewController.swift</string>
			<key>sourceTree</key>
			<string>&lt;group&gt;</string>
		</dict>
		<key>FAD2061E1C3D25ED00A045E5</key>
		<dict>
			<key>fileRef</key>
			<string>FAD2061D1C3D25ED00A045E5</string>
			<key>isa</key>
			<string>PBXBuildFile</string>
		</dict>
		<key>FAE72BC41BE043B20053F50E</key>
		<dict>
			<key>fileEncoding</key>
			<string>4</string>
			<key>isa</key>
			<string>PBXFileReference</string>
			<key>lastKnownFileType</key>
			<string>sourcecode.swift</string>
			<key>name</key>
			<string>handleDatePickerTableViewController.swift</string>
			<key>path</key>
			<string>../handleDatePickerTableViewController.swift</string>
			<key>sourceTree</key>
			<string>&lt;group&gt;</string>
		</dict>
		<key>FAE72BC51BE043B20053F50E</key>
		<dict>
			<key>fileRef</key>
			<string>FAE72BC41BE043B20053F50E</string>
			<key>isa</key>
			<string>PBXBuildFile</string>
		</dict>
		<key>FAE9229C1BF34315001E37FD</key>
		<dict>
			<key>fileEncoding</key>
			<string>4</string>
			<key>isa</key>
			<string>PBXFileReference</string>
			<key>lastKnownFileType</key>
			<string>sourcecode.swift</string>
			<key>path</key>
			<string>noteListTableViewCell.swift</string>
			<key>sourceTree</key>
			<string>&lt;group&gt;</string>
		</dict>
		<key>FAE9229D1BF34315001E37FD</key>
		<dict>
			<key>fileRef</key>
			<string>FAE9229C1BF34315001E37FD</string>
			<key>isa</key>
			<string>PBXBuildFile</string>
		</dict>
		<key>FAE9FDA21D2CB5AE00288221</key>
		<dict>
			<key>fileEncoding</key>
			<string>4</string>
			<key>isa</key>
			<string>PBXFileReference</string>
			<key>lastKnownFileType</key>
			<string>sourcecode.swift</string>
			<key>path</key>
			<string>PopoverViewController.swift</string>
			<key>sourceTree</key>
			<string>&lt;group&gt;</string>
		</dict>
		<key>FAE9FDA31D2CB5AE00288221</key>
		<dict>
			<key>fileRef</key>
			<string>FAE9FDA21D2CB5AE00288221</string>
			<key>isa</key>
			<string>PBXBuildFile</string>
		</dict>
		<key>FAED29B01D2459F10009C873</key>
		<dict>
			<key>fileEncoding</key>
			<string>4</string>
			<key>isa</key>
			<string>PBXFileReference</string>
			<key>lastKnownFileType</key>
			<string>sourcecode.swift</string>
			<key>path</key>
			<string>NoteBase+CoreDataProperties.swift</string>
			<key>sourceTree</key>
			<string>&lt;group&gt;</string>
		</dict>
		<key>FAED29B11D2459F10009C873</key>
		<dict>
			<key>fileEncoding</key>
			<string>4</string>
			<key>isa</key>
			<string>PBXFileReference</string>
			<key>lastKnownFileType</key>
			<string>sourcecode.swift</string>
			<key>path</key>
			<string>NoteBase.swift</string>
			<key>sourceTree</key>
			<string>&lt;group&gt;</string>
		</dict>
		<key>FAED29B21D2459F10009C873</key>
		<dict>
			<key>fileRef</key>
			<string>FAED29B01D2459F10009C873</string>
			<key>isa</key>
			<string>PBXBuildFile</string>
		</dict>
		<key>FAED29B31D2459F10009C873</key>
		<dict>
			<key>fileRef</key>
			<string>FAED29B11D2459F10009C873</string>
			<key>isa</key>
			<string>PBXBuildFile</string>
		</dict>
		<key>FAED29B41D24A8720009C873</key>
		<dict>
			<key>children</key>
			<array>
				<string>FAED29B51D24A8720009C873</string>
			</array>
			<key>currentVersion</key>
			<string>FAED29B51D24A8720009C873</string>
			<key>isa</key>
			<string>XCVersionGroup</string>
			<key>path</key>
			<string>TSNotesDataModel.xcdatamodeld</string>
			<key>sourceTree</key>
			<string>&lt;group&gt;</string>
			<key>versionGroupType</key>
			<string>wrapper.xcdatamodel</string>
		</dict>
		<key>FAED29B51D24A8720009C873</key>
		<dict>
			<key>isa</key>
			<string>PBXFileReference</string>
			<key>lastKnownFileType</key>
			<string>wrapper.xcdatamodel</string>
			<key>path</key>
			<string>TSNotesDataModel.xcdatamodel</string>
			<key>sourceTree</key>
			<string>&lt;group&gt;</string>
		</dict>
		<key>FAED29B61D24A8720009C873</key>
		<dict>
			<key>fileRef</key>
			<string>FAED29B41D24A8720009C873</string>
			<key>isa</key>
			<string>PBXBuildFile</string>
		</dict>
		<key>FAED29B81D24F30A0009C873</key>
		<dict>
			<key>fileEncoding</key>
			<string>4</string>
			<key>isa</key>
			<string>PBXFileReference</string>
			<key>lastKnownFileType</key>
			<string>sourcecode.swift</string>
			<key>path</key>
			<string>Note.swift</string>
			<key>sourceTree</key>
			<string>&lt;group&gt;</string>
		</dict>
		<key>FAED29BA1D24F30A0009C873</key>
		<dict>
			<key>fileRef</key>
			<string>FAED29B81D24F30A0009C873</string>
			<key>isa</key>
			<string>PBXBuildFile</string>
		</dict>
		<key>FAED29BB1D24F6480009C873</key>
		<dict>
			<key>fileEncoding</key>
			<string>4</string>
			<key>isa</key>
			<string>PBXFileReference</string>
			<key>lastKnownFileType</key>
			<string>sourcecode.swift</string>
			<key>path</key>
			<string>Note+CoreDataProperties.swift</string>
			<key>sourceTree</key>
			<string>&lt;group&gt;</string>
		</dict>
		<key>FAED29BC1D24F6480009C873</key>
		<dict>
			<key>fileRef</key>
			<string>FAED29BB1D24F6480009C873</string>
			<key>isa</key>
			<string>PBXBuildFile</string>
		</dict>
	</dict>
	<key>rootObject</key>
	<string>FAA701281BDB171E0013EFF7</string>
</dict>
</plist>
